
Microsoft Visual Studio Solution File, Format Version 12.00
# Visual Studio Version 17
VisualStudioVersion = 17.3.32819.101
MinimumVisualStudioVersion = 10.0.40219.1
Project("{FAE04EC0-301F-11D3-BF4B-00C04F79EFBC}") = "Practice", "Practice\Practice.csproj", "{BA86E48B-E103-42DD-B04D-453B290F5C6D}"
EndProject
Global
	GlobalSection(SolutionConfigurationPlatforms) = preSolution
		Debug|Any CPU = Debug|Any CPU
		Release|Any CPU = Release|Any CPU
	EndGlobalSection
	GlobalSection(ProjectConfigurationPlatforms) = postSolution
		{BA86E48B-E103-42DD-B04D-453B290F5C6D}.Debug|Any CPU.ActiveCfg = Debug|Any CPU
		{BA86E48B-E103-42DD-B04D-453B290F5C6D}.Debug|Any CPU.Build.0 = Debug|Any CPU
		{BA86E48B-E103-42DD-B04D-453B290F5C6D}.Release|Any CPU.ActiveCfg = Release|Any CPU
		{BA86E48B-E103-42DD-B04D-453B290F5C6D}.Release|Any CPU.Build.0 = Release|Any CPU
	EndGlobalSection
	GlobalSection(SolutionProperties) = preSolution
		HideSolutionNode = FALSE
	EndGlobalSection
	GlobalSection(ExtensibilityGlobals) = postSolution
		SolutionGuid = {EAA5BBA8-7E13-444C-871A-4208FFFE5AB9}
	EndGlobalSection
EndGlobal
